
Microsoft Visual Studio Solution File, Format Version 12.00
Project("{FAE04EC0-301F-11D3-BF4B-00C04F79EFBC}") = "EnergoSolutions-03", "EnergoSolutions-03\EnergoSolutions-03.csproj", "{DFF005EB-7F6C-417D-B47F-371616D89E16}"
EndProject
Global
	GlobalSection(SolutionConfigurationPlatforms) = preSolution
		Debug|Any CPU = Debug|Any CPU
		Release|Any CPU = Release|Any CPU
	EndGlobalSection
	GlobalSection(ProjectConfigurationPlatforms) = postSolution
		{DFF005EB-7F6C-417D-B47F-371616D89E16}.Debug|Any CPU.ActiveCfg = Debug|Any CPU
		{DFF005EB-7F6C-417D-B47F-371616D89E16}.Debug|Any CPU.Build.0 = Debug|Any CPU
		{DFF005EB-7F6C-417D-B47F-371616D89E16}.Release|Any CPU.ActiveCfg = Release|Any CPU
		{DFF005EB-7F6C-417D-B47F-371616D89E16}.Release|Any CPU.Build.0 = Release|Any CPU
	EndGlobalSection
EndGlobal
